
Microsoft Visual Studio Solution File, Format Version 12.00
# Visual Studio 2012
Project("{FAE04EC0-301F-11D3-BF4B-00C04F79EFBC}") = "WhiteLotus", "WhiteLotus\WhiteLotus.csproj", "{08F75F12-4CFF-4B4B-8736-7A603F402431}"
EndProject
Global
	GlobalSection(SolutionConfigurationPlatforms) = preSolution
		Debug|Any CPU = Debug|Any CPU
		Release|Any CPU = Release|Any CPU
	EndGlobalSection
	GlobalSection(ProjectConfigurationPlatforms) = postSolution
		{08F75F12-4CFF-4B4B-8736-7A603F402431}.Debug|Any CPU.ActiveCfg = Debug|Any CPU
		{08F75F12-4CFF-4B4B-8736-7A603F402431}.Debug|Any CPU.Build.0 = Debug|Any CPU
		{08F75F12-4CFF-4B4B-8736-7A603F402431}.Release|Any CPU.ActiveCfg = Release|Any CPU
		{08F75F12-4CFF-4B4B-8736-7A603F402431}.Release|Any CPU.Build.0 = Release|Any CPU
	EndGlobalSection
	GlobalSection(SolutionProperties) = preSolution
		HideSolutionNode = FALSE
	EndGlobalSection
EndGlobal
